
Microsoft Visual Studio Solution File, Format Version 12.00
# Visual Studio 2013
VisualStudioVersion = 12.0.30501.0
MinimumVisualStudioVersion = 10.0.40219.1
Project("{FAE04EC0-301F-11D3-BF4B-00C04F79EFBC}") = "UserDataLib", "UserDataLib\UserDataLib.csproj", "{9625C39A-1625-484A-B08E-7800930E87AF}"
EndProject
Project("{FAE04EC0-301F-11D3-BF4B-00C04F79EFBC}") = "ManagerApp", "ManagerApp\ManagerApp.csproj", "{620621A1-0AB9-4E2E-BC4E-438189B94495}"
EndProject
Project("{FAE04EC0-301F-11D3-BF4B-00C04F79EFBC}") = "MarketTestApp", "MarketTestApp\MarketTestApp.csproj", "{42714B9D-07EB-4D6F-A581-FC2E6E4496E1}"
EndProject
Project("{FAE04EC0-301F-11D3-BF4B-00C04F79EFBC}") = "DatabaseContext", "DatabaseContext\DatabaseContext.csproj", "{B04284A1-918B-4EEB-B0C5-2548D07FFFE8}"
EndProject
Global
	GlobalSection(SolutionConfigurationPlatforms) = preSolution
		Debug|Any CPU = Debug|Any CPU
		Release|Any CPU = Release|Any CPU
	EndGlobalSection
	GlobalSection(ProjectConfigurationPlatforms) = postSolution
		{9625C39A-1625-484A-B08E-7800930E87AF}.Debug|Any CPU.ActiveCfg = Debug|Any CPU
		{9625C39A-1625-484A-B08E-7800930E87AF}.Debug|Any CPU.Build.0 = Debug|Any CPU
		{9625C39A-1625-484A-B08E-7800930E87AF}.Release|Any CPU.ActiveCfg = Release|Any CPU
		{9625C39A-1625-484A-B08E-7800930E87AF}.Release|Any CPU.Build.0 = Release|Any CPU
		{620621A1-0AB9-4E2E-BC4E-438189B94495}.Debug|Any CPU.ActiveCfg = Debug|Any CPU
		{620621A1-0AB9-4E2E-BC4E-438189B94495}.Debug|Any CPU.Build.0 = Debug|Any CPU
		{620621A1-0AB9-4E2E-BC4E-438189B94495}.Release|Any CPU.ActiveCfg = Release|Any CPU
		{620621A1-0AB9-4E2E-BC4E-438189B94495}.Release|Any CPU.Build.0 = Release|Any CPU
		{42714B9D-07EB-4D6F-A581-FC2E6E4496E1}.Debug|Any CPU.ActiveCfg = Debug|Any CPU
		{42714B9D-07EB-4D6F-A581-FC2E6E4496E1}.Debug|Any CPU.Build.0 = Debug|Any CPU
		{42714B9D-07EB-4D6F-A581-FC2E6E4496E1}.Release|Any CPU.ActiveCfg = Release|Any CPU
		{42714B9D-07EB-4D6F-A581-FC2E6E4496E1}.Release|Any CPU.Build.0 = Release|Any CPU
		{B04284A1-918B-4EEB-B0C5-2548D07FFFE8}.Debug|Any CPU.ActiveCfg = Debug|Any CPU
		{B04284A1-918B-4EEB-B0C5-2548D07FFFE8}.Debug|Any CPU.Build.0 = Debug|Any CPU
		{B04284A1-918B-4EEB-B0C5-2548D07FFFE8}.Release|Any CPU.ActiveCfg = Release|Any CPU
		{B04284A1-918B-4EEB-B0C5-2548D07FFFE8}.Release|Any CPU.Build.0 = Release|Any CPU
	EndGlobalSection
	GlobalSection(SolutionProperties) = preSolution
		HideSolutionNode = FALSE
	EndGlobalSection
EndGlobal
